
Microsoft Visual Studio Solution File, Format Version 12.00
# Visual Studio Version 17
VisualStudioVersion = 17.14.36414.22 d17.14
MinimumVisualStudioVersion = 10.0.40219.1
Project("{FAE04EC0-301F-11D3-BF4B-00C04F79EFBC}") = "Laboratorio191", "Laboratorio191\Laboratorio191.csproj", "{3BC0BFF6-0C5E-4A06-BAA4-2C579E178A4F}"
EndProject
Project("{FAE04EC0-301F-11D3-BF4B-00C04F79EFBC}") = "Laboratorio192", "Laboratorio192\Laboratorio192.csproj", "{564377CB-688F-4B69-9F3E-766928112866}"
EndProject
Project("{FAE04EC0-301F-11D3-BF4B-00C04F79EFBC}") = "Laboratorio193", "Laboratorio193\Laboratorio193.csproj", "{DF6FCF75-71AE-4573-901F-CC337444A373}"
EndProject
Global
	GlobalSection(SolutionConfigurationPlatforms) = preSolution
		Debug|Any CPU = Debug|Any CPU
		Release|Any CPU = Release|Any CPU
	EndGlobalSection
	GlobalSection(ProjectConfigurationPlatforms) = postSolution
		{3BC0BFF6-0C5E-4A06-BAA4-2C579E178A4F}.Debug|Any CPU.ActiveCfg = Debug|Any CPU
		{3BC0BFF6-0C5E-4A06-BAA4-2C579E178A4F}.Debug|Any CPU.Build.0 = Debug|Any CPU
		{3BC0BFF6-0C5E-4A06-BAA4-2C579E178A4F}.Release|Any CPU.ActiveCfg = Release|Any CPU
		{3BC0BFF6-0C5E-4A06-BAA4-2C579E178A4F}.Release|Any CPU.Build.0 = Release|Any CPU
		{564377CB-688F-4B69-9F3E-766928112866}.Debug|Any CPU.ActiveCfg = Debug|Any CPU
		{564377CB-688F-4B69-9F3E-766928112866}.Debug|Any CPU.Build.0 = Debug|Any CPU
		{564377CB-688F-4B69-9F3E-766928112866}.Release|Any CPU.ActiveCfg = Release|Any CPU
		{564377CB-688F-4B69-9F3E-766928112866}.Release|Any CPU.Build.0 = Release|Any CPU
		{DF6FCF75-71AE-4573-901F-CC337444A373}.Debug|Any CPU.ActiveCfg = Debug|Any CPU
		{DF6FCF75-71AE-4573-901F-CC337444A373}.Debug|Any CPU.Build.0 = Debug|Any CPU
		{DF6FCF75-71AE-4573-901F-CC337444A373}.Release|Any CPU.ActiveCfg = Release|Any CPU
		{DF6FCF75-71AE-4573-901F-CC337444A373}.Release|Any CPU.Build.0 = Release|Any CPU
	EndGlobalSection
	GlobalSection(SolutionProperties) = preSolution
		HideSolutionNode = FALSE
	EndGlobalSection
	GlobalSection(ExtensibilityGlobals) = postSolution
		SolutionGuid = {FB4EDF38-0F9A-4FF5-84B5-127004658D5A}
	EndGlobalSection
EndGlobal
