
Microsoft Visual Studio Solution File, Format Version 12.00
# Visual Studio Version 17
VisualStudioVersion = 17.14.36616.10
MinimumVisualStudioVersion = 10.0.40219.1
Project("{FAE04EC0-301F-11D3-BF4B-00C04F79EFBC}") = "Proyecto1", "Proyecto1\Proyecto1.csproj", "{8162599B-D765-48FC-AF61-B0561F29B29D}"
EndProject
Project("{FAE04EC0-301F-11D3-BF4B-00C04F79EFBC}") = "Proyecto2_WebAPI", "Proyecto2_WebAPI\Proyecto2_WebAPI.csproj", "{16363BA5-3DF8-4E7E-BA30-BBE49C750BFC}"
EndProject
Global
	GlobalSection(SolutionConfigurationPlatforms) = preSolution
		Debug|Any CPU = Debug|Any CPU
		Release|Any CPU = Release|Any CPU
	EndGlobalSection
	GlobalSection(ProjectConfigurationPlatforms) = postSolution
		{8162599B-D765-48FC-AF61-B0561F29B29D}.Debug|Any CPU.ActiveCfg = Debug|Any CPU
		{8162599B-D765-48FC-AF61-B0561F29B29D}.Debug|Any CPU.Build.0 = Debug|Any CPU
		{8162599B-D765-48FC-AF61-B0561F29B29D}.Release|Any CPU.ActiveCfg = Release|Any CPU
		{8162599B-D765-48FC-AF61-B0561F29B29D}.Release|Any CPU.Build.0 = Release|Any CPU
		{16363BA5-3DF8-4E7E-BA30-BBE49C750BFC}.Debug|Any CPU.ActiveCfg = Debug|Any CPU
		{16363BA5-3DF8-4E7E-BA30-BBE49C750BFC}.Debug|Any CPU.Build.0 = Debug|Any CPU
		{16363BA5-3DF8-4E7E-BA30-BBE49C750BFC}.Release|Any CPU.ActiveCfg = Release|Any CPU
		{16363BA5-3DF8-4E7E-BA30-BBE49C750BFC}.Release|Any CPU.Build.0 = Release|Any CPU
	EndGlobalSection
	GlobalSection(SolutionProperties) = preSolution
		HideSolutionNode = FALSE
	EndGlobalSection
	GlobalSection(ExtensibilityGlobals) = postSolution
		SolutionGuid = {F76AD8ED-96F3-4CDA-8992-C051BFD5AF2F}
	EndGlobalSection
EndGlobal
