
Microsoft Visual Studio Solution File, Format Version 12.00
# Visual Studio Version 17
VisualStudioVersion = 17.14.36414.22 d17.14
MinimumVisualStudioVersion = 10.0.40219.1
Project("{FAE04EC0-301F-11D3-BF4B-00C04F79EFBC}") = "Laboratorio161", "Laboratorio161\Laboratorio161.csproj", "{C61B46DF-D3BC-4FA6-84BF-107598EBC4EA}"
EndProject
Global
	GlobalSection(SolutionConfigurationPlatforms) = preSolution
		Debug|Any CPU = Debug|Any CPU
		Release|Any CPU = Release|Any CPU
	EndGlobalSection
	GlobalSection(ProjectConfigurationPlatforms) = postSolution
		{C61B46DF-D3BC-4FA6-84BF-107598EBC4EA}.Debug|Any CPU.ActiveCfg = Debug|Any CPU
		{C61B46DF-D3BC-4FA6-84BF-107598EBC4EA}.Debug|Any CPU.Build.0 = Debug|Any CPU
		{C61B46DF-D3BC-4FA6-84BF-107598EBC4EA}.Release|Any CPU.ActiveCfg = Release|Any CPU
		{C61B46DF-D3BC-4FA6-84BF-107598EBC4EA}.Release|Any CPU.Build.0 = Release|Any CPU
	EndGlobalSection
	GlobalSection(SolutionProperties) = preSolution
		HideSolutionNode = FALSE
	EndGlobalSection
	GlobalSection(ExtensibilityGlobals) = postSolution
		SolutionGuid = {D4E24D1E-228F-4677-975F-9052150A3997}
	EndGlobalSection
EndGlobal
