
Microsoft Visual Studio Solution File, Format Version 12.00
# Visual Studio Version 17
VisualStudioVersion = 17.14.36429.23
MinimumVisualStudioVersion = 10.0.40219.1
Project("{FAE04EC0-301F-11D3-BF4B-00C04F79EFBC}") = "Laboratorio121", "Laboratorio121\Laboratorio121.csproj", "{F1E3EE09-9C13-4E4B-AACB-C59DF5260BB2}"
EndProject
Project("{FAE04EC0-301F-11D3-BF4B-00C04F79EFBC}") = "Laboratorio122", "Laboratorio122\Laboratorio122.csproj", "{05EC474E-14DA-4FE3-9F9C-821024D707EC}"
EndProject
Project("{FAE04EC0-301F-11D3-BF4B-00C04F79EFBC}") = "Laboratorio123", "Laboratorio123\Laboratorio123.csproj", "{A623B678-AD23-45AC-9E90-D8AD6C5B43E6}"
EndProject
Global
	GlobalSection(SolutionConfigurationPlatforms) = preSolution
		Debug|Any CPU = Debug|Any CPU
		Release|Any CPU = Release|Any CPU
	EndGlobalSection
	GlobalSection(ProjectConfigurationPlatforms) = postSolution
		{F1E3EE09-9C13-4E4B-AACB-C59DF5260BB2}.Debug|Any CPU.ActiveCfg = Debug|Any CPU
		{F1E3EE09-9C13-4E4B-AACB-C59DF5260BB2}.Debug|Any CPU.Build.0 = Debug|Any CPU
		{F1E3EE09-9C13-4E4B-AACB-C59DF5260BB2}.Release|Any CPU.ActiveCfg = Release|Any CPU
		{F1E3EE09-9C13-4E4B-AACB-C59DF5260BB2}.Release|Any CPU.Build.0 = Release|Any CPU
		{05EC474E-14DA-4FE3-9F9C-821024D707EC}.Debug|Any CPU.ActiveCfg = Debug|Any CPU
		{05EC474E-14DA-4FE3-9F9C-821024D707EC}.Debug|Any CPU.Build.0 = Debug|Any CPU
		{05EC474E-14DA-4FE3-9F9C-821024D707EC}.Release|Any CPU.ActiveCfg = Release|Any CPU
		{05EC474E-14DA-4FE3-9F9C-821024D707EC}.Release|Any CPU.Build.0 = Release|Any CPU
		{A623B678-AD23-45AC-9E90-D8AD6C5B43E6}.Debug|Any CPU.ActiveCfg = Debug|Any CPU
		{A623B678-AD23-45AC-9E90-D8AD6C5B43E6}.Debug|Any CPU.Build.0 = Debug|Any CPU
		{A623B678-AD23-45AC-9E90-D8AD6C5B43E6}.Release|Any CPU.ActiveCfg = Release|Any CPU
		{A623B678-AD23-45AC-9E90-D8AD6C5B43E6}.Release|Any CPU.Build.0 = Release|Any CPU
	EndGlobalSection
	GlobalSection(SolutionProperties) = preSolution
		HideSolutionNode = FALSE
	EndGlobalSection
	GlobalSection(ExtensibilityGlobals) = postSolution
		SolutionGuid = {308A9FE5-556E-40DF-8FC9-D006764DD8B3}
	EndGlobalSection
EndGlobal
