
Microsoft Visual Studio Solution File, Format Version 12.00
# Visual Studio Version 17
VisualStudioVersion = 17.14.36429.23 d17.14
MinimumVisualStudioVersion = 10.0.40219.1
Project("{FAE04EC0-301F-11D3-BF4B-00C04F79EFBC}") = "Laboratorio1", "Laboratorio1\Laboratorio1.csproj", "{362FC211-7079-4C32-A9A6-BC79B41AA01B}"
EndProject
Global
	GlobalSection(SolutionConfigurationPlatforms) = preSolution
		Debug|Any CPU = Debug|Any CPU
		Release|Any CPU = Release|Any CPU
	EndGlobalSection
	GlobalSection(ProjectConfigurationPlatforms) = postSolution
		{362FC211-7079-4C32-A9A6-BC79B41AA01B}.Debug|Any CPU.ActiveCfg = Debug|Any CPU
		{362FC211-7079-4C32-A9A6-BC79B41AA01B}.Debug|Any CPU.Build.0 = Debug|Any CPU
		{362FC211-7079-4C32-A9A6-BC79B41AA01B}.Release|Any CPU.ActiveCfg = Release|Any CPU
		{362FC211-7079-4C32-A9A6-BC79B41AA01B}.Release|Any CPU.Build.0 = Release|Any CPU
	EndGlobalSection
	GlobalSection(SolutionProperties) = preSolution
		HideSolutionNode = FALSE
	EndGlobalSection
	GlobalSection(ExtensibilityGlobals) = postSolution
		SolutionGuid = {EDA0E933-2D30-4C50-8FC2-9DAC65E8DAFD}
	EndGlobalSection
EndGlobal
