
Microsoft Visual Studio Solution File, Format Version 12.00
# Visual Studio Version 17
VisualStudioVersion = 17.14.36616.10 d17.14
MinimumVisualStudioVersion = 10.0.40219.1
Project("{FAE04EC0-301F-11D3-BF4B-00C04F79EFBC}") = "Laboratorio14", "Laboratorio14\Laboratorio14.csproj", "{8E3D4DC5-A500-4F90-B20E-622891C22279}"
EndProject
Global
	GlobalSection(SolutionConfigurationPlatforms) = preSolution
		Debug|Any CPU = Debug|Any CPU
		Release|Any CPU = Release|Any CPU
	EndGlobalSection
	GlobalSection(ProjectConfigurationPlatforms) = postSolution
		{8E3D4DC5-A500-4F90-B20E-622891C22279}.Debug|Any CPU.ActiveCfg = Debug|Any CPU
		{8E3D4DC5-A500-4F90-B20E-622891C22279}.Debug|Any CPU.Build.0 = Debug|Any CPU
		{8E3D4DC5-A500-4F90-B20E-622891C22279}.Release|Any CPU.ActiveCfg = Release|Any CPU
		{8E3D4DC5-A500-4F90-B20E-622891C22279}.Release|Any CPU.Build.0 = Release|Any CPU
	EndGlobalSection
	GlobalSection(SolutionProperties) = preSolution
		HideSolutionNode = FALSE
	EndGlobalSection
	GlobalSection(ExtensibilityGlobals) = postSolution
		SolutionGuid = {137D3006-5F2A-4A95-BB4D-95454F215645}
	EndGlobalSection
EndGlobal
